version: 1
generated_at: 2026-08-21T11:48:40Z
internal: []
trusted:
  - action: actions/checkout
    refs:
      - 34e114876b0b11c390a56381ad16ebd13914f8d5
    occurrences:
      34e114876b0b11c390a56381ad16ebd13914f8d5:
        .github/workflows/lint.yml:
          - jobs.lint.steps.[1].uses
        .github/workflows/release.yml:
          - jobs.release.steps.[1].uses
        .github/workflows/verify-build.yml:
          - jobs.build.steps.[1].uses
external:
  - action: step-security/action-setup
    refs:
      - 0ad50dc56a23060fa78b14cfcf0677c4e14b42bc
    occurrences:
      0ad50dc56a23060fa78b14cfcf0677c4e14b42bc:
        .github/workflows/lint.yml:
          - jobs.lint.steps.[3].uses
        .github/workflows/release.yml:
          - jobs.release.steps.[3].uses
        .github/workflows/verify-build.yml:
          - jobs.build.steps.[3].uses
  - action: step-security/changeset-action
    refs:
      - 6ddf46283ed49170eb6ca2179818f7d2a0ae687c
    occurrences:
      6ddf46283ed49170eb6ca2179818f7d2a0ae687c:
        .github/workflows/release.yml:
          - jobs.release.steps.[5].uses
  - action: step-security/harden-runner
    refs:
      - 9af89fc71515a100421586dfdb3dc9c984fbf411
    occurrences:
      9af89fc71515a100421586dfdb3dc9c984fbf411:
        .github/workflows/lint.yml:
          - jobs.lint.steps.[0].uses
        .github/workflows/release.yml:
          - jobs.release.steps.[0].uses
        .github/workflows/verify-build.yml:
          - jobs.build.steps.[0].uses
  - action: step-security/mise-action
    refs:
      - 2796166110dee826668caddd4bffedae5116e7cd
    occurrences:
      2796166110dee826668caddd4bffedae5116e7cd:
        .github/workflows/lint.yml:
          - jobs.lint.steps.[2].uses
        .github/workflows/release.yml:
          - jobs.release.steps.[2].uses
        .github/workflows/verify-build.yml:
          - jobs.build.steps.[2].uses
local: []
docker: []
dynamic: []
nested_floating_deps: []
